
Microsoft Visual Studio Solution File, Format Version 12.00
# Visual Studio 15
VisualStudioVersion = 15.0.28307.539
MinimumVisualStudioVersion = 10.0.40219.1
Project("{FAE04EC0-301F-11D3-BF4B-00C04F79EFBC}") = "kaedc", "kaedc\kaedc.csproj", "{A44EB3BE-F50F-44DE-A422-93322E3F0A72}"
EndProject
Global
	GlobalSection(SolutionConfigurationPlatforms) = preSolution
		Debug|Any CPU = Debug|Any CPU
		Release|Any CPU = Release|Any CPU
	EndGlobalSection
	GlobalSection(ProjectConfigurationPlatforms) = postSolution
		{A44EB3BE-F50F-44DE-A422-93322E3F0A72}.Debug|Any CPU.ActiveCfg = Debug|Any CPU
		{A44EB3BE-F50F-44DE-A422-93322E3F0A72}.Debug|Any CPU.Build.0 = Debug|Any CPU
		{A44EB3BE-F50F-44DE-A422-93322E3F0A72}.Release|Any CPU.ActiveCfg = Release|Any CPU
		{A44EB3BE-F50F-44DE-A422-93322E3F0A72}.Release|Any CPU.Build.0 = Release|Any CPU
	EndGlobalSection
	GlobalSection(SolutionProperties) = preSolution
		HideSolutionNode = FALSE
	EndGlobalSection
	GlobalSection(ExtensibilityGlobals) = postSolution
		SolutionGuid = {CFD6D323-75C7-429F-A3AF-E885F2CCEC29}
	EndGlobalSection
EndGlobal
